
Microsoft Visual Studio Solution File, Format Version 12.00
# Visual Studio Version 16
VisualStudioVersion = 16.0.32228.343
MinimumVisualStudioVersion = 10.0.40219.1
Project("{FAE04EC0-301F-11D3-BF4B-00C04F79EFBC}") = "BasicCorePrograms", "BasicCorePrograms.csproj", "{61C15C1B-8825-4256-8BB9-266D57E8314C}"
EndProject
Global
	GlobalSection(SolutionConfigurationPlatforms) = preSolution
		Debug|Any CPU = Debug|Any CPU
		Release|Any CPU = Release|Any CPU
	EndGlobalSection
	GlobalSection(ProjectConfigurationPlatforms) = postSolution
		{61C15C1B-8825-4256-8BB9-266D57E8314C}.Debug|Any CPU.ActiveCfg = Debug|Any CPU
		{61C15C1B-8825-4256-8BB9-266D57E8314C}.Debug|Any CPU.Build.0 = Debug|Any CPU
		{61C15C1B-8825-4256-8BB9-266D57E8314C}.Release|Any CPU.ActiveCfg = Release|Any CPU
		{61C15C1B-8825-4256-8BB9-266D57E8314C}.Release|Any CPU.Build.0 = Release|Any CPU
	EndGlobalSection
	GlobalSection(SolutionProperties) = preSolution
		HideSolutionNode = FALSE
	EndGlobalSection
	GlobalSection(ExtensibilityGlobals) = postSolution
		SolutionGuid = {D196DB5C-474D-4C5C-8810-DB01C5F8753E}
	EndGlobalSection
EndGlobal
